Microsoft Visual Studio Solution File, Format Version 12.00
# Visual Studio 2013
VisualStudioVersion = 12.0.31101.0
MinimumVisualStudioVersion = 10.0.40219.1
Project("{FAE04EC0-301F-11D3-BF4B-00C04F79EFBC}") = "TachographReader", "TachographReader\TachographReader.csproj", "{D4EE3EA7-9E62-46B1-8183-9139C33C9A20}"
	ProjectSection(ProjectDependencies) = postProject
		{2E23907B-6B71-46F8-8CBD-7C82A1327C07} = {2E23907B-6B71-46F8-8CBD-7C82A1327C07}
	EndProjectSection
EndProject
Project("{FAE04EC0-301F-11D3-BF4B-00C04F79EFBC}") = "TachographReader.DataModel", "TachographReader.DataModel\TachographReader.DataModel.csproj", "{2E23907B-6B71-46F8-8CBD-7C82A1327C07}"
EndProject
Project("{FAE04EC0-301F-11D3-BF4B-00C04F79EFBC}") = "TachographReader.Shared", "TachographReader.Shared\TachographReader.Shared.csproj", "{13EBA933-528C-458C-9B71-8295B199F591}"
EndProject
Project("{FAE04EC0-301F-11D3-BF4B-00C04F79EFBC}") = "BackupRestoreUtility", "BackupRestoreUtility\BackupRestoreUtility.csproj", "{C618F8E6-AF65-459E-80E1-2A0AE813C839}"
EndProject
Project("{FAE04EC0-301F-11D3-BF4B-00C04F79EFBC}") = "TachographReader.Imaging", "TachographReader.Imaging\TachographReader.Imaging.csproj", "{59469480-B14D-4469-810A-08A7052D15B5}"
EndProject
Project("{2150E333-8FDC-42A3-9474-1A3956D46DE8}") = "Workers", "Workers", "{31CE00CA-CA74-4B64-AD54-D151EDAC528A}"
EndProject
Project("{FAE04EC0-301F-11D3-BF4B-00C04F79EFBC}") = "TachographReader.PrintWorker", "TachographReader.PrintWorker\TachographReader.PrintWorker.csproj", "{815AD7F5-6235-49AD-AC9A-02989134930F}"
EndProject
Project("{FAE04EC0-301F-11D3-BF4B-00C04F79EFBC}") = "TachographReader.EmailWorker", "TachographReader.EmailWorker\TachographReader.EmailWorker.csproj", "{C7B6E1FE-2159-4C23-805A-EE2BF876DE88}"
EndProject
Project("{FAE04EC0-301F-11D3-BF4B-00C04F79EFBC}") = "TachographReader.LabelPrintWorker", "TachographReader.LabelPrintWorker\TachographReader.LabelPrintWorker.csproj", "{82E306A6-F2A6-45B7-AA82-3C6565509B30}"
EndProject
Project("{2150E333-8FDC-42A3-9474-1A3956D46DE8}") = "Utilities", "Utilities", "{F420872B-F8A1-4169-861A-AA00F553E7CF}"
EndProject
Project("{FAE04EC0-301F-11D3-BF4B-00C04F79EFBC}") = "Translation", "Translation\Translation.csproj", "{F49DE433-81B0-417B-A621-7C55BDDBDD93}"
EndProject
Project("{2150E333-8FDC-42A3-9474-1A3956D46DE8}") = "Connect", "Connect", "{507B5673-E669-47A8-AC90-9AC562ADA6BA}"
EndProject
Project("{FAE04EC0-301F-11D3-BF4B-00C04F79EFBC}") = "TachographReader.ConnectClient", "TachographReader.Connect\TachographReader.ConnectClient.csproj", "{041DF1D5-003B-48A3-ABCB-DA18E9355BFE}"
	ProjectSection(ProjectDependencies) = postProject
		{13EBA933-528C-458C-9B71-8295B199F591} = {13EBA933-528C-458C-9B71-8295B199F591}
	EndProjectSection
EndProject
Global
	GlobalSection(SolutionConfigurationPlatforms) = preSolution
		Debug|Any CPU = Debug|Any CPU
		Debug|Mixed Platforms = Debug|Mixed Platforms
		Debug|x86 = Debug|x86
		Release|Any CPU = Release|Any CPU
		Release|Mixed Platforms = Release|Mixed Platforms
		Release|x86 = Release|x86
	EndGlobalSection
	GlobalSection(ProjectConfigurationPlatforms) = postSolution
		{D4EE3EA7-9E62-46B1-8183-9139C33C9A20}.Debug|Any CPU.ActiveCfg = Debug|Any CPU
		{D4EE3EA7-9E62-46B1-8183-9139C33C9A20}.Debug|Any CPU.Build.0 = Debug|Any CPU
		{D4EE3EA7-9E62-46B1-8183-9139C33C9A20}.Debug|Mixed Platforms.ActiveCfg = Debug|x86
		{D4EE3EA7-9E62-46B1-8183-9139C33C9A20}.Debug|Mixed Platforms.Build.0 = Debug|x86
		{D4EE3EA7-9E62-46B1-8183-9139C33C9A20}.Debug|x86.ActiveCfg = Debug|x86
		{D4EE3EA7-9E62-46B1-8183-9139C33C9A20}.Debug|x86.Build.0 = Debug|x86
		{D4EE3EA7-9E62-46B1-8183-9139C33C9A20}.Release|Any CPU.ActiveCfg = Debug|Any CPU
		{D4EE3EA7-9E62-46B1-8183-9139C33C9A20}.Release|Any CPU.Build.0 = Debug|Any CPU
		{D4EE3EA7-9E62-46B1-8183-9139C33C9A20}.Release|Mixed Platforms.ActiveCfg = Release|x86
		{D4EE3EA7-9E62-46B1-8183-9139C33C9A20}.Release|Mixed Platforms.Build.0 = Release|x86
		{D4EE3EA7-9E62-46B1-8183-9139C33C9A20}.Release|x86.ActiveCfg = Release|x86
		{D4EE3EA7-9E62-46B1-8183-9139C33C9A20}.Release|x86.Build.0 = Release|x86
		{2E23907B-6B71-46F8-8CBD-7C82A1327C07}.Debug|Any CPU.ActiveCfg = Debug|Any CPU
		{2E23907B-6B71-46F8-8CBD-7C82A1327C07}.Debug|Any CPU.Build.0 = Debug|Any CPU
		{2E23907B-6B71-46F8-8CBD-7C82A1327C07}.Debug|Mixed Platforms.ActiveCfg = Debug|x86
		{2E23907B-6B71-46F8-8CBD-7C82A1327C07}.Debug|Mixed Platforms.Build.0 = Debug|x86
		{2E23907B-6B71-46F8-8CBD-7C82A1327C07}.Debug|x86.ActiveCfg = Debug|x86
		{2E23907B-6B71-46F8-8CBD-7C82A1327C07}.Debug|x86.Build.0 = Debug|x86
		{2E23907B-6B71-46F8-8CBD-7C82A1327C07}.Release|Any CPU.ActiveCfg = Debug|Any CPU
		{2E23907B-6B71-46F8-8CBD-7C82A1327C07}.Release|Any CPU.Build.0 = Debug|Any CPU
		{2E23907B-6B71-46F8-8CBD-7C82A1327C07}.Release|Mixed Platforms.ActiveCfg = Release|Any CPU
		{2E23907B-6B71-46F8-8CBD-7C82A1327C07}.Release|Mixed Platforms.Build.0 = Release|Any CPU
		{2E23907B-6B71-46F8-8CBD-7C82A1327C07}.Release|x86.ActiveCfg = Release|x86
		{2E23907B-6B71-46F8-8CBD-7C82A1327C07}.Release|x86.Build.0 = Release|x86
		{13EBA933-528C-458C-9B71-8295B199F591}.Debug|Any CPU.ActiveCfg = Debug|Any CPU
		{13EBA933-528C-458C-9B71-8295B199F591}.Debug|Any CPU.Build.0 = Debug|Any CPU
		{13EBA933-528C-458C-9B71-8295B199F591}.Debug|Mixed Platforms.ActiveCfg = Debug|x86
		{13EBA933-528C-458C-9B71-8295B199F591}.Debug|Mixed Platforms.Build.0 = Debug|x86
		{13EBA933-528C-458C-9B71-8295B199F591}.Debug|x86.ActiveCfg = Debug|x86
		{13EBA933-528C-458C-9B71-8295B199F591}.Debug|x86.Build.0 = Debug|x86
		{13EBA933-528C-458C-9B71-8295B199F591}.Release|Any CPU.ActiveCfg = Debug|Any CPU
		{13EBA933-528C-458C-9B71-8295B199F591}.Release|Any CPU.Build.0 = Debug|Any CPU
		{13EBA933-528C-458C-9B71-8295B199F591}.Release|Mixed Platforms.ActiveCfg = Release|Any CPU
		{13EBA933-528C-458C-9B71-8295B199F591}.Release|Mixed Platforms.Build.0 = Release|Any CPU
		{13EBA933-528C-458C-9B71-8295B199F591}.Release|x86.ActiveCfg = Release|x86
		{13EBA933-528C-458C-9B71-8295B199F591}.Release|x86.Build.0 = Release|x86
		{C618F8E6-AF65-459E-80E1-2A0AE813C839}.Debug|Any CPU.ActiveCfg = Debug|Any CPU
		{C618F8E6-AF65-459E-80E1-2A0AE813C839}.Debug|Any CPU.Build.0 = Debug|Any CPU
		{C618F8E6-AF65-459E-80E1-2A0AE813C839}.Debug|Mixed Platforms.ActiveCfg = Debug|x86
		{C618F8E6-AF65-459E-80E1-2A0AE813C839}.Debug|Mixed Platforms.Build.0 = Debug|x86
		{C618F8E6-AF65-459E-80E1-2A0AE813C839}.Debug|x86.ActiveCfg = Debug|x86
		{C618F8E6-AF65-459E-80E1-2A0AE813C839}.Debug|x86.Build.0 = Debug|x86
		{C618F8E6-AF65-459E-80E1-2A0AE813C839}.Release|Any CPU.ActiveCfg = Debug|Any CPU
		{C618F8E6-AF65-459E-80E1-2A0AE813C839}.Release|Any CPU.Build.0 = Debug|Any CPU
		{C618F8E6-AF65-459E-80E1-2A0AE813C839}.Release|Mixed Platforms.ActiveCfg = Release|x86
		{C618F8E6-AF65-459E-80E1-2A0AE813C839}.Release|Mixed Platforms.Build.0 = Release|x86
		{C618F8E6-AF65-459E-80E1-2A0AE813C839}.Release|x86.ActiveCfg = Release|x86
		{C618F8E6-AF65-459E-80E1-2A0AE813C839}.Release|x86.Build.0 = Release|x86
		{59469480-B14D-4469-810A-08A7052D15B5}.Debug|Any CPU.ActiveCfg = Debug|Any CPU
		{59469480-B14D-4469-810A-08A7052D15B5}.Debug|Any CPU.Build.0 = Debug|Any CPU
		{59469480-B14D-4469-810A-08A7052D15B5}.Debug|Mixed Platforms.ActiveCfg = Debug|x86
		{59469480-B14D-4469-810A-08A7052D15B5}.Debug|Mixed Platforms.Build.0 = Debug|x86
		{59469480-B14D-4469-810A-08A7052D15B5}.Debug|x86.ActiveCfg = Debug|x86
		{59469480-B14D-4469-810A-08A7052D15B5}.Debug|x86.Build.0 = Debug|x86
		{59469480-B14D-4469-810A-08A7052D15B5}.Release|Any CPU.ActiveCfg = Debug|Any CPU
		{59469480-B14D-4469-810A-08A7052D15B5}.Release|Any CPU.Build.0 = Debug|Any CPU
		{59469480-B14D-4469-810A-08A7052D15B5}.Release|Mixed Platforms.ActiveCfg = Release|Any CPU
		{59469480-B14D-4469-810A-08A7052D15B5}.Release|Mixed Platforms.Build.0 = Release|Any CPU
		{59469480-B14D-4469-810A-08A7052D15B5}.Release|x86.ActiveCfg = Release|x86
		{59469480-B14D-4469-810A-08A7052D15B5}.Release|x86.Build.0 = Release|x86
		{815AD7F5-6235-49AD-AC9A-02989134930F}.Debug|Any CPU.ActiveCfg = Debug|Any CPU
		{815AD7F5-6235-49AD-AC9A-02989134930F}.Debug|Any CPU.Build.0 = Debug|Any CPU
		{815AD7F5-6235-49AD-AC9A-02989134930F}.Debug|Mixed Platforms.ActiveCfg = Debug|x86
		{815AD7F5-6235-49AD-AC9A-02989134930F}.Debug|Mixed Platforms.Build.0 = Debug|x86
		{815AD7F5-6235-49AD-AC9A-02989134930F}.Debug|x86.ActiveCfg = Debug|x86
		{815AD7F5-6235-49AD-AC9A-02989134930F}.Debug|x86.Build.0 = Debug|x86
		{815AD7F5-6235-49AD-AC9A-02989134930F}.Release|Any CPU.ActiveCfg = Debug|Any CPU
		{815AD7F5-6235-49AD-AC9A-02989134930F}.Release|Any CPU.Build.0 = Debug|Any CPU
		{815AD7F5-6235-49AD-AC9A-02989134930F}.Release|Mixed Platforms.ActiveCfg = Release|Any CPU
		{815AD7F5-6235-49AD-AC9A-02989134930F}.Release|Mixed Platforms.Build.0 = Release|Any CPU
		{815AD7F5-6235-49AD-AC9A-02989134930F}.Release|x86.ActiveCfg = Release|x86
		{815AD7F5-6235-49AD-AC9A-02989134930F}.Release|x86.Build.0 = Release|x86
		{C7B6E1FE-2159-4C23-805A-EE2BF876DE88}.Debug|Any CPU.ActiveCfg = Debug|Any CPU
		{C7B6E1FE-2159-4C23-805A-EE2BF876DE88}.Debug|Any CPU.Build.0 = Debug|Any CPU
		{C7B6E1FE-2159-4C23-805A-EE2BF876DE88}.Debug|Mixed Platforms.ActiveCfg = Debug|x86
		{C7B6E1FE-2159-4C23-805A-EE2BF876DE88}.Debug|Mixed Platforms.Build.0 = Debug|x86
		{C7B6E1FE-2159-4C23-805A-EE2BF876DE88}.Debug|x86.ActiveCfg = Debug|x86
		{C7B6E1FE-2159-4C23-805A-EE2BF876DE88}.Debug|x86.Build.0 = Debug|x86
		{C7B6E1FE-2159-4C23-805A-EE2BF876DE88}.Release|Any CPU.ActiveCfg = Debug|Any CPU
		{C7B6E1FE-2159-4C23-805A-EE2BF876DE88}.Release|Any CPU.Build.0 = Debug|Any CPU
		{C7B6E1FE-2159-4C23-805A-EE2BF876DE88}.Release|Mixed Platforms.ActiveCfg = Release|Any CPU
		{C7B6E1FE-2159-4C23-805A-EE2BF876DE88}.Release|Mixed Platforms.Build.0 = Release|Any CPU
		{C7B6E1FE-2159-4C23-805A-EE2BF876DE88}.Release|x86.ActiveCfg = Release|x86
		{C7B6E1FE-2159-4C23-805A-EE2BF876DE88}.Release|x86.Build.0 = Release|x86
		{82E306A6-F2A6-45B7-AA82-3C6565509B30}.Debug|Any CPU.ActiveCfg = Debug|Any CPU
		{82E306A6-F2A6-45B7-AA82-3C6565509B30}.Debug|Any CPU.Build.0 = Debug|Any CPU
		{82E306A6-F2A6-45B7-AA82-3C6565509B30}.Debug|Mixed Platforms.ActiveCfg = Debug|x86
		{82E306A6-F2A6-45B7-AA82-3C6565509B30}.Debug|Mixed Platforms.Build.0 = Debug|x86
		{82E306A6-F2A6-45B7-AA82-3C6565509B30}.Debug|x86.ActiveCfg = Debug|x86
		{82E306A6-F2A6-45B7-AA82-3C6565509B30}.Debug|x86.Build.0 = Debug|x86
		{82E306A6-F2A6-45B7-AA82-3C6565509B30}.Release|Any CPU.ActiveCfg = Debug|Any CPU
		{82E306A6-F2A6-45B7-AA82-3C6565509B30}.Release|Any CPU.Build.0 = Debug|Any CPU
		{82E306A6-F2A6-45B7-AA82-3C6565509B30}.Release|Mixed Platforms.ActiveCfg = Release|Any CPU
		{82E306A6-F2A6-45B7-AA82-3C6565509B30}.Release|Mixed Platforms.Build.0 = Release|Any CPU
		{82E306A6-F2A6-45B7-AA82-3C6565509B30}.Release|x86.ActiveCfg = Release|x86
		{82E306A6-F2A6-45B7-AA82-3C6565509B30}.Release|x86.Build.0 = Release|x86
		{F49DE433-81B0-417B-A621-7C55BDDBDD93}.Debug|Any CPU.ActiveCfg = Debug|Any CPU
		{F49DE433-81B0-417B-A621-7C55BDDBDD93}.Debug|Any CPU.Build.0 = Debug|Any CPU
		{F49DE433-81B0-417B-A621-7C55BDDBDD93}.Debug|Mixed Platforms.ActiveCfg = Debug|x86
		{F49DE433-81B0-417B-A621-7C55BDDBDD93}.Debug|Mixed Platforms.Build.0 = Debug|x86
		{F49DE433-81B0-417B-A621-7C55BDDBDD93}.Debug|x86.ActiveCfg = Debug|x86
		{F49DE433-81B0-417B-A621-7C55BDDBDD93}.Debug|x86.Build.0 = Debug|x86
		{F49DE433-81B0-417B-A621-7C55BDDBDD93}.Release|Any CPU.ActiveCfg = Release|Any CPU
		{F49DE433-81B0-417B-A621-7C55BDDBDD93}.Release|Any CPU.Build.0 = Release|Any CPU
		{F49DE433-81B0-417B-A621-7C55BDDBDD93}.Release|Mixed Platforms.ActiveCfg = Release|Any CPU
		{F49DE433-81B0-417B-A621-7C55BDDBDD93}.Release|Mixed Platforms.Build.0 = Release|Any CPU
		{F49DE433-81B0-417B-A621-7C55BDDBDD93}.Release|x86.ActiveCfg = Release|x86
		{F49DE433-81B0-417B-A621-7C55BDDBDD93}.Release|x86.Build.0 = Release|x86
		{041DF1D5-003B-48A3-ABCB-DA18E9355BFE}.Debug|Any CPU.ActiveCfg = Debug|Any CPU
		{041DF1D5-003B-48A3-ABCB-DA18E9355BFE}.Debug|Any CPU.Build.0 = Debug|Any CPU
		{041DF1D5-003B-48A3-ABCB-DA18E9355BFE}.Debug|Mixed Platforms.ActiveCfg = Debug|x86
		{041DF1D5-003B-48A3-ABCB-DA18E9355BFE}.Debug|Mixed Platforms.Build.0 = Debug|x86
		{041DF1D5-003B-48A3-ABCB-DA18E9355BFE}.Debug|x86.ActiveCfg = Debug|x86
		{041DF1D5-003B-48A3-ABCB-DA18E9355BFE}.Debug|x86.Build.0 = Debug|x86
		{041DF1D5-003B-48A3-ABCB-DA18E9355BFE}.Release|Any CPU.ActiveCfg = Release|Any CPU
		{041DF1D5-003B-48A3-ABCB-DA18E9355BFE}.Release|Any CPU.Build.0 = Release|Any CPU
		{041DF1D5-003B-48A3-ABCB-DA18E9355BFE}.Release|Mixed Platforms.ActiveCfg = Release|Any CPU
		{041DF1D5-003B-48A3-ABCB-DA18E9355BFE}.Release|Mixed Platforms.Build.0 = Release|Any CPU
		{041DF1D5-003B-48A3-ABCB-DA18E9355BFE}.Release|x86.ActiveCfg = Release|x86
		{041DF1D5-003B-48A3-ABCB-DA18E9355BFE}.Release|x86.Build.0 = Release|x86
	EndGlobalSection
	GlobalSection(SolutionProperties) = preSolution
		HideSolutionNode = FALSE
	EndGlobalSection
	GlobalSection(NestedProjects) = preSolution
		{815AD7F5-6235-49AD-AC9A-02989134930F} = {31CE00CA-CA74-4B64-AD54-D151EDAC528A}
		{C7B6E1FE-2159-4C23-805A-EE2BF876DE88} = {31CE00CA-CA74-4B64-AD54-D151EDAC528A}
		{82E306A6-F2A6-45B7-AA82-3C6565509B30} = {31CE00CA-CA74-4B64-AD54-D151EDAC528A}
		{F49DE433-81B0-417B-A621-7C55BDDBDD93} = {F420872B-F8A1-4169-861A-AA00F553E7CF}
		{041DF1D5-003B-48A3-ABCB-DA18E9355BFE} = {507B5673-E669-47A8-AC90-9AC562ADA6BA}
	EndGlobalSection
EndGlobal
