
Microsoft Visual Studio Solution File, Format Version 12.00
# Visual Studio 2012
Project("{FAE04EC0-301F-11D3-BF4B-00C04F79EFBC}") = "TachoReaderLicensingWebsite", "TachoReaderLicensingWebsite\TachoReaderLicensingWebsite.csproj", "{EE2BF390-8361-4B14-8C15-BACE727C4340}"
EndProject
Project("{FAE04EC0-301F-11D3-BF4B-00C04F79EFBC}") = "TachoReaderLicensingWebsite.DataModel", "TachoReaderLicensingWebsite.DataModel\TachoReaderLicensingWebsite.DataModel.csproj", "{C41F1722-311A-4C68-8EAB-ED2BE631AD60}"
EndProject
Global
	GlobalSection(TeamFoundationVersionControl) = preSolution
		SccNumberOfProjects = 3
		SccEnterpriseProvider = {4CA58AB2-18FA-4F8D-95D4-32DDF27D184C}
		SccTeamFoundationServer = http://yboffice6/tfs/repository
		SccLocalPath0 = .
		SccProjectUniqueName1 = TachoReaderLicensingWebsite\\TachoReaderLicensingWebsite.csproj
		SccProjectName1 = TachoReaderLicensingWebsite
		SccLocalPath1 = TachoReaderLicensingWebsite
		SccProjectUniqueName2 = TachoReaderLicensingWebsite.DataModel\\TachoReaderLicensingWebsite.DataModel.csproj
		SccProjectName2 = TachoReaderLicensingWebsite.DataModel
		SccLocalPath2 = TachoReaderLicensingWebsite.DataModel
	EndGlobalSection
	GlobalSection(SolutionConfigurationPlatforms) = preSolution
		Debug|Any CPU = Debug|Any CPU
		Release|Any CPU = Release|Any CPU
	EndGlobalSection
	GlobalSection(ProjectConfigurationPlatforms) = postSolution
		{EE2BF390-8361-4B14-8C15-BACE727C4340}.Debug|Any CPU.ActiveCfg = Debug|Any CPU
		{EE2BF390-8361-4B14-8C15-BACE727C4340}.Debug|Any CPU.Build.0 = Debug|Any CPU
		{EE2BF390-8361-4B14-8C15-BACE727C4340}.Release|Any CPU.ActiveCfg = Release|Any CPU
		{EE2BF390-8361-4B14-8C15-BACE727C4340}.Release|Any CPU.Build.0 = Release|Any CPU
		{C41F1722-311A-4C68-8EAB-ED2BE631AD60}.Debug|Any CPU.ActiveCfg = Debug|Any CPU
		{C41F1722-311A-4C68-8EAB-ED2BE631AD60}.Debug|Any CPU.Build.0 = Debug|Any CPU
		{C41F1722-311A-4C68-8EAB-ED2BE631AD60}.Release|Any CPU.ActiveCfg = Release|Any CPU
		{C41F1722-311A-4C68-8EAB-ED2BE631AD60}.Release|Any CPU.Build.0 = Release|Any CPU
	EndGlobalSection
	GlobalSection(SolutionProperties) = preSolution
		HideSolutionNode = FALSE
	EndGlobalSection
EndGlobal
